
Microsoft Visual Studio Solution File, Format Version 12.00
# Visual Studio 14
VisualStudioVersion = 14.0.24720.0
MinimumVisualStudioVersion = 10.0.40219.1
Project("{FAE04EC0-301F-11D3-BF4B-00C04F79EFBC}") = "PdfViewerDemo_2008", "PdfViewerDemo_2008.csproj", "{890979AA-F9DC-4734-B979-776908689CDD}"
EndProject
Project("{FAE04EC0-301F-11D3-BF4B-00C04F79EFBC}") = "Syncfusion.PdfViewer.WPF_2008", "D:\trunk\WPF\PdfViewer.WPF\Src\Syncfusion.PdfViewer.WPF_2008.csproj", "{3F71E066-88C8-4705-BDE0-74D904633494}"
EndProject
Project("{FAE04EC0-301F-11D3-BF4B-00C04F79EFBC}") = "Syncfusion.Pdf.Base_2008", "D:\trunk\Base\Pdf.Base\Src\Syncfusion.Pdf.Base_2008.csproj", "{0A55FD1C-0A22-4454-B3A2-85047BE89C2C}"
EndProject
Global
	GlobalSection(SolutionConfigurationPlatforms) = preSolution
		Debug|Any CPU = Debug|Any CPU
		Debug-XML|Any CPU = Debug-XML|Any CPU
		NUnit|Any CPU = NUnit|Any CPU
		Release|Any CPU = Release|Any CPU
		Release-Xml|Any CPU = Release-Xml|Any CPU
	EndGlobalSection
	GlobalSection(ProjectConfigurationPlatforms) = postSolution
		{890979AA-F9DC-4734-B979-776908689CDD}.Debug|Any CPU.ActiveCfg = Debug|Any CPU
		{890979AA-F9DC-4734-B979-776908689CDD}.Debug|Any CPU.Build.0 = Debug|Any CPU
		{890979AA-F9DC-4734-B979-776908689CDD}.Debug-XML|Any CPU.ActiveCfg = Debug|Any CPU
		{890979AA-F9DC-4734-B979-776908689CDD}.Debug-XML|Any CPU.Build.0 = Debug|Any CPU
		{890979AA-F9DC-4734-B979-776908689CDD}.NUnit|Any CPU.ActiveCfg = Release|Any CPU
		{890979AA-F9DC-4734-B979-776908689CDD}.NUnit|Any CPU.Build.0 = Release|Any CPU
		{890979AA-F9DC-4734-B979-776908689CDD}.Release|Any CPU.ActiveCfg = Release|Any CPU
		{890979AA-F9DC-4734-B979-776908689CDD}.Release|Any CPU.Build.0 = Release|Any CPU
		{890979AA-F9DC-4734-B979-776908689CDD}.Release-Xml|Any CPU.ActiveCfg = Release|Any CPU
		{890979AA-F9DC-4734-B979-776908689CDD}.Release-Xml|Any CPU.Build.0 = Release|Any CPU
		{3F71E066-88C8-4705-BDE0-74D904633494}.Debug|Any CPU.ActiveCfg = Debug|Any CPU
		{3F71E066-88C8-4705-BDE0-74D904633494}.Debug|Any CPU.Build.0 = Debug|Any CPU
		{3F71E066-88C8-4705-BDE0-74D904633494}.Debug-XML|Any CPU.ActiveCfg = Debug|Any CPU
		{3F71E066-88C8-4705-BDE0-74D904633494}.Debug-XML|Any CPU.Build.0 = Debug|Any CPU
		{3F71E066-88C8-4705-BDE0-74D904633494}.NUnit|Any CPU.ActiveCfg = Release-Xml|Any CPU
		{3F71E066-88C8-4705-BDE0-74D904633494}.NUnit|Any CPU.Build.0 = Release-Xml|Any CPU
		{3F71E066-88C8-4705-BDE0-74D904633494}.Release|Any CPU.ActiveCfg = Release|Any CPU
		{3F71E066-88C8-4705-BDE0-74D904633494}.Release|Any CPU.Build.0 = Release|Any CPU
		{3F71E066-88C8-4705-BDE0-74D904633494}.Release-Xml|Any CPU.ActiveCfg = Release-Xml|Any CPU
		{3F71E066-88C8-4705-BDE0-74D904633494}.Release-Xml|Any CPU.Build.0 = Release-Xml|Any CPU
		{0A55FD1C-0A22-4454-B3A2-85047BE89C2C}.Debug|Any CPU.ActiveCfg = Debug|Any CPU
		{0A55FD1C-0A22-4454-B3A2-85047BE89C2C}.Debug|Any CPU.Build.0 = Debug|Any CPU
		{0A55FD1C-0A22-4454-B3A2-85047BE89C2C}.Debug-XML|Any CPU.ActiveCfg = Debug-XML|Any CPU
		{0A55FD1C-0A22-4454-B3A2-85047BE89C2C}.Debug-XML|Any CPU.Build.0 = Debug-XML|Any CPU
		{0A55FD1C-0A22-4454-B3A2-85047BE89C2C}.NUnit|Any CPU.ActiveCfg = NUnit|Any CPU
		{0A55FD1C-0A22-4454-B3A2-85047BE89C2C}.NUnit|Any CPU.Build.0 = NUnit|Any CPU
		{0A55FD1C-0A22-4454-B3A2-85047BE89C2C}.Release|Any CPU.ActiveCfg = Release|Any CPU
		{0A55FD1C-0A22-4454-B3A2-85047BE89C2C}.Release|Any CPU.Build.0 = Release|Any CPU
		{0A55FD1C-0A22-4454-B3A2-85047BE89C2C}.Release-Xml|Any CPU.ActiveCfg = Release-XML|Any CPU
		{0A55FD1C-0A22-4454-B3A2-85047BE89C2C}.Release-Xml|Any CPU.Build.0 = Release-XML|Any CPU
	EndGlobalSection
	GlobalSection(SolutionProperties) = preSolution
		HideSolutionNode = FALSE
	EndGlobalSection
EndGlobal
