
Microsoft Visual Studio Solution File, Format Version 12.00
# Visual Studio 15
VisualStudioVersion = 15.0.28307.168
MinimumVisualStudioVersion = 10.0.40219.1
Project("{FAE04EC0-301F-11D3-BF4B-00C04F79EFBC}") = "PDFToJPEGSample", "PDFToJPEGSample\PDFToJPEGSample.csproj", "{A7B07867-EE20-4B2E-B918-AF9273E4C152}"
EndProject
Global
	GlobalSection(SolutionConfigurationPlatforms) = preSolution
		Debug|Any CPU = Debug|Any CPU
		Release|Any CPU = Release|Any CPU
	EndGlobalSection
	GlobalSection(ProjectConfigurationPlatforms) = postSolution
		{A7B07867-EE20-4B2E-B918-AF9273E4C152}.Debug|Any CPU.ActiveCfg = Debug|Any CPU
		{A7B07867-EE20-4B2E-B918-AF9273E4C152}.Debug|Any CPU.Build.0 = Debug|Any CPU
		{A7B07867-EE20-4B2E-B918-AF9273E4C152}.Release|Any CPU.ActiveCfg = Release|Any CPU
		{A7B07867-EE20-4B2E-B918-AF9273E4C152}.Release|Any CPU.Build.0 = Release|Any CPU
	EndGlobalSection
	GlobalSection(SolutionProperties) = preSolution
		HideSolutionNode = FALSE
	EndGlobalSection
	GlobalSection(ExtensibilityGlobals) = postSolution
		SolutionGuid = {0094FF00-AA20-461E-9EB1-C37A9BA3CF26}
	EndGlobalSection
EndGlobal
