Microsoft Visual Studio Solution File, Format Version 13.00
# Visual Studio 2013
Project("{FAE04EC0-301F-11D3-BF4B-00C04F79EFBC}") = "CustomToolbar_2013", "CustomToolbar_2013.csproj", "{8423F28E-6AAB-4380-9746-21A9FA8DF90F}"
EndProject
Global
	GlobalSection(SolutionConfigurationPlatforms) = preSolution
		Debug|Any CPU = Debug|Any CPU
		Release|Any CPU = Release|Any CPU
	EndGlobalSection
	GlobalSection(ProjectConfigurationPlatforms) = postSolution
		{8423F28E-6AAB-4380-9746-21A9FA8DF90F}.Debug|Any CPU.ActiveCfg = Debug|Any CPU
		{8423F28E-6AAB-4380-9746-21A9FA8DF90F}.Debug|Any CPU.Build.0 = Debug|Any CPU
		{8423F28E-6AAB-4380-9746-21A9FA8DF90F}.Release|Any CPU.ActiveCfg = Release|Any CPU
		{8423F28E-6AAB-4380-9746-21A9FA8DF90F}.Release|Any CPU.Build.0 = Release|Any CPU
	EndGlobalSection
	GlobalSection(SolutionProperties) = preSolution
		HideSolutionNode = FALSE
	EndGlobalSection
EndGlobal
